
Microsoft Visual Studio Solution File, Format Version 12.00
# Visual Studio Version 17
VisualStudioVersion = 17.10.34916.146
MinimumVisualStudioVersion = 10.0.40219.1
Project("{FAE04EC0-301F-11D3-BF4B-00C04F79EFBC}") = "UjalaCityNews1", "UjalaCityNews1\UjalaCityNews1.csproj", "{BCA410C9-B50F-41FC-97B8-F96A3A9C614F}"
EndProject
Global
	GlobalSection(SolutionConfigurationPlatforms) = preSolution
		Debug|Any CPU = Debug|Any CPU
		Release|Any CPU = Release|Any CPU
	EndGlobalSection
	GlobalSection(ProjectConfigurationPlatforms) = postSolution
		{BCA410C9-B50F-41FC-97B8-F96A3A9C614F}.Debug|Any CPU.ActiveCfg = Debug|Any CPU
		{BCA410C9-B50F-41FC-97B8-F96A3A9C614F}.Debug|Any CPU.Build.0 = Debug|Any CPU
		{BCA410C9-B50F-41FC-97B8-F96A3A9C614F}.Release|Any CPU.ActiveCfg = Release|Any CPU
		{BCA410C9-B50F-41FC-97B8-F96A3A9C614F}.Release|Any CPU.Build.0 = Release|Any CPU
	EndGlobalSection
	GlobalSection(SolutionProperties) = preSolution
		HideSolutionNode = FALSE
	EndGlobalSection
	GlobalSection(ExtensibilityGlobals) = postSolution
		SolutionGuid = {5AA52EC1-AA9A-4C70-8C3A-978E0BCDDE88}
	EndGlobalSection
EndGlobal
